{
    "_meta": {
        "hash": {
            "sha256": "b72592cde10eb13c6468d615bae3ba18d08da848f0765fb2e9a31fa3106404ce"
        },
        "pipfile-spec": 6,
        "requires": {
            "python_version": "3.8"
        },
        "sources": [
            {
                "name": "pypi",
                "url": "https://pypi.python.org/simple",
                "verify_ssl": true
            }
        ]
    },
    "default": {
        "minimalmodbus": {
            "hashes": [
                "sha256:5c55b1e26131e1f3b7fe55b950f8abb8a2396b77f73bc0a513cc3ef0051db526",
                "sha256:ae979fa98887185d6ba9389e84038d49580a39241d969d098331ac225dd1b9ff"
            ],
            "index": "pypi",
            "version": "==1.0.2"
        },
        "pyserial": {
            "hashes": [
                "sha256:3c77e014170dfffbd816e6ffc205e9842efb10be9f58ec16d3e8675b4925cddb",
                "sha256:c4451db6ba391ca6ca299fb3ec7bae67a5c55dde170964c7a14ceefec02f2cf0"
            ],
            "version": "==3.5"
        }
    },
    "develop": {}
}
